// !$*UTF8*$!
{
	archiveVersion = 1;
	classes = {
	};
	objectVersion = 46;
	objects = {

/* Begin PBXBuildFile section */
		2B0207341E63FB00005D575B /* GeoFire.m in Sources */ = {isa = PBXBuildFile; fileRef = 2B02072B1E63FB00005D575B /* GeoFire.m */; };
		2B0207351E63FB00005D575B /* GFBase32Utils.m in Sources */ = {isa = PBXBuildFile; fileRef = 2B02072D1E63FB00005D575B /* GFBase32Utils.m */; };
		2B0207361E63FB00005D575B /* GFGeoHash.m in Sources */ = {isa = PBXBuildFile; fileRef = 2B02072F1E63FB00005D575B /* GFGeoHash.m */; };
		2B0207371E63FB00005D575B /* GFGeoHashQuery.m in Sources */ = {isa = PBXBuildFile; fileRef = 2B0207311E63FB00005D575B /* GFGeoHashQuery.m */; };
		2B0207381E63FB00005D575B /* GFQuery.m in Sources */ = {isa = PBXBuildFile; fileRef = 2B0207331E63FB00005D575B /* GFQuery.m */; };
		2B3E72A11E6C8DAB000727B5 /* ContainerViewController.swift in Sources */ = {isa = PBXBuildFile; fileRef = 2B3E72A01E6C8DAB000727B5 /* ContainerViewController.swift */; };
		2B3E72A31E6C8E49000727B5 /* SidePanelViewController.swift in Sources */ = {isa = PBXBuildFile; fileRef = 2B3E72A21E6C8E49000727B5 /* SidePanelViewController.swift */; };
		2B3E72A51E6CA9CB000727B5 /* StudyBuddy.swift in Sources */ = {isa = PBXBuildFile; fileRef = 2B3E72A41E6CA9CB000727B5 /* StudyBuddy.swift */; };
		2B3E72A71E6CAC7C000727B5 /* MessageViewController.swift in Sources */ = {isa = PBXBuildFile; fileRef = 2B3E72A61E6CAC7C000727B5 /* MessageViewController.swift */; };
		2B3E72A91E6CACAB000727B5 /* Message.swift in Sources */ = {isa = PBXBuildFile; fileRef = 2B3E72A81E6CACAB000727B5 /* Message.swift */; };
		2BAC9F191EA5DE9200183D06 /* blue_compass.png in Resources */ = {isa = PBXBuildFile; fileRef = 2BAC9F181EA5DE9200183D06 /* blue_compass.png */; };
		2BAC9F1B1EA5DEC900183D06 /* purple_canoe.png in Resources */ = {isa = PBXBuildFile; fileRef = 2BAC9F1A1EA5DEC900183D06 /* purple_canoe.png */; };
		2BAC9F1D1EA5DEEE00183D06 /* pink_binoculars.png in Resources */ = {isa = PBXBuildFile; fileRef = 2BAC9F1C1EA5DEEE00183D06 /* pink_binoculars.png */; };
		2BAC9F1F1EA5DF0800183D06 /* red_socks.png in Resources */ = {isa = PBXBuildFile; fileRef = 2BAC9F1E1EA5DF0800183D06 /* red_socks.png */; };
		2BAC9F211EA5DF2000183D06 /* grey_boot.png in Resources */ = {isa = PBXBuildFile; fileRef = 2BAC9F201EA5DF2000183D06 /* grey_boot.png */; };
		2BAC9F231EA5DF3A00183D06 /* orange_balloon.png in Resources */ = {isa = PBXBuildFile; fileRef = 2BAC9F221EA5DF3A00183D06 /* orange_balloon.png */; };
		2BAC9F251EA5DF4F00183D06 /* black_boat.png in Resources */ = {isa = PBXBuildFile; fileRef = 2BAC9F241EA5DF4F00183D06 /* black_boat.png */; };
		2BAC9F271EA5DF7300183D06 /* yellow_anchor.png in Resources */ = {isa = PBXBuildFile; fileRef = 2BAC9F261EA5DF7300183D06 /* yellow_anchor.png */; };
		2BAC9F291EA5DFA200183D06 /* brown_fire.png in Resources */ = {isa = PBXBuildFile; fileRef = 2BAC9F281EA5DFA200183D06 /* brown_fire.png */; };
		2BAC9F2B1EA5DFA700183D06 /* green_lantern.png in Resources */ = {isa = PBXBuildFile; fileRef = 2BAC9F2A1EA5DFA700183D06 /* green_lantern.png */; };
		2BB108A61E6BC00F00585D3D /* chat.png in Resources */ = {isa = PBXBuildFile; fileRef = 2BB108A51E6BC00F00585D3D /* chat.png */; };
		2BC27AAB1E556C1400A6CAC6 /* AppDelegate.swift in Sources */ = {isa = PBXBuildFile; fileRef = 2BC27AAA1E556C1400A6CAC6 /* AppDelegate.swift */; };
		2BC27AAD1E556C1400A6CAC6 /* ViewController.swift in Sources */ = {isa = PBXBuildFile; fileRef = 2BC27AAC1E556C1400A6CAC6 /* ViewController.swift */; };
		2BC27AB01E556C1400A6CAC6 /* Main.storyboard in Resources */ = {isa = PBXBuildFile; fileRef = 2BC27AAE1E556C1400A6CAC6 /* Main.storyboard */; };
		2BC27AB21E556C1400A6CAC6 /* Assets.xcassets in Resources */ = {isa = PBXBuildFile; fileRef = 2BC27AB11E556C1400A6CAC6 /* Assets.xcassets */; };
		2BC27AB51E556C1400A6CAC6 /* LaunchScreen.storyboard in Resources */ = {isa = PBXBuildFile; fileRef = 2BC27AB31E556C1400A6CAC6 /* LaunchScreen.storyboard */; };
		2BC2B20B1E6B86E30097EF81 /* StudyBuddyAnnotation.swift in Sources */ = {isa = PBXBuildFile; fileRef = 2BC2B20A1E6B86E30097EF81 /* StudyBuddyAnnotation.swift */; };
		2BF8DBEE1E96E8210032F21D /* GoogleService-Info.plist in Resources */ = {isa = PBXBuildFile; fileRef = 2BF8DBED1E96E8210032F21D /* GoogleService-Info.plist */; };
		2BFF56321EAA3BC0007B1015 /* Screen Shot 2017-04-21 at 9.07.43 AM.png in Resources */ = {isa = PBXBuildFile; fileRef = 2BFF56311EAA3BC0007B1015 /* Screen Shot 2017-04-21 at 9.07.43 AM.png */; };
		7F07BE0B5153CA7949F57934 /* Pods_StudyBuddy.framework in Frameworks */ = {isa = PBXBuildFile; fileRef = 5384CE19E4D6F27911582C26 /* Pods_StudyBuddy.framework */; };
/* End PBXBuildFile section */

/* Begin PBXFileReference section */
		25667EB17ADFAA2E373FDB34 /* Pods-StudyBuddy.release.xcconfig */ = {isa = PBXFileReference; includeInIndex = 1; lastKnownFileType = text.xcconfig; name = "Pods-StudyBuddy.release.xcconfig"; path = "Pods/Target Support Files/Pods-StudyBuddy/Pods-StudyBuddy.release.xcconfig"; sourceTree = "<group>"; };
		2B0207241E63FB00005D575B /* GeoFire.h */ = {isa = PBXFileReference; fileEncoding = 4; lastKnownFileType = sourcecode.c.h; path = GeoFire.h; sourceTree = "<group>"; };
		2B0207251E63FB00005D575B /* GFCircleQuery.h */ = {isa = PBXFileReference; fileEncoding = 4; lastKnownFileType = sourcecode.c.h; path = GFCircleQuery.h; sourceTree = "<group>"; };
		2B0207261E63FB00005D575B /* GFQuery.h */ = {isa = PBXFileReference; fileEncoding = 4; lastKnownFileType = sourcecode.c.h; path = GFQuery.h; sourceTree = "<group>"; };
		2B0207271E63FB00005D575B /* GFRegionQuery.h */ = {isa = PBXFileReference; fileEncoding = 4; lastKnownFileType = sourcecode.c.h; path = GFRegionQuery.h; sourceTree = "<group>"; };
		2B0207281E63FB00005D575B /* GeoFire-Prefix.pch */ = {isa = PBXFileReference; fileEncoding = 4; lastKnownFileType = sourcecode.c.h; path = "GeoFire-Prefix.pch"; sourceTree = "<group>"; };
		2B02072A1E63FB00005D575B /* GeoFire+Private.h */ = {isa = PBXFileReference; fileEncoding = 4; lastKnownFileType = sourcecode.c.h; path = "GeoFire+Private.h"; sourceTree = "<group>"; };
		2B02072B1E63FB00005D575B /* GeoFire.m */ = {isa = PBXFileReference; fileEncoding = 4; lastKnownFileType = sourcecode.c.objc; path = GeoFire.m; sourceTree = "<group>"; };
		2B02072C1E63FB00005D575B /* GFBase32Utils.h */ = {isa = PBXFileReference; fileEncoding = 4; lastKnownFileType = sourcecode.c.h; path = GFBase32Utils.h; sourceTree = "<group>"; };
		2B02072D1E63FB00005D575B /* GFBase32Utils.m */ = {isa = PBXFileReference; fileEncoding = 4; lastKnownFileType = sourcecode.c.objc; path = GFBase32Utils.m; sourceTree = "<group>"; };
		2B02072E1E63FB00005D575B /* GFGeoHash.h */ = {isa = PBXFileReference; fileEncoding = 4; lastKnownFileType = sourcecode.c.h; path = GFGeoHash.h; sourceTree = "<group>"; };
		2B02072F1E63FB00005D575B /* GFGeoHash.m */ = {isa = PBXFileReference; fileEncoding = 4; lastKnownFileType = sourcecode.c.objc; path = GFGeoHash.m; sourceTree = "<group>"; };
		2B0207301E63FB00005D575B /* GFGeoHashQuery.h */ = {isa = PBXFileReference; fileEncoding = 4; lastKnownFileType = sourcecode.c.h; path = GFGeoHashQuery.h; sourceTree = "<group>"; };
		2B0207311E63FB00005D575B /* GFGeoHashQuery.m */ = {isa = PBXFileReference; fileEncoding = 4; lastKnownFileType = sourcecode.c.objc; path = GFGeoHashQuery.m; sourceTree = "<group>"; };
		2B0207321E63FB00005D575B /* GFQuery+Private.h */ = {isa = PBXFileReference; fileEncoding = 4; lastKnownFileType = sourcecode.c.h; path = "GFQuery+Private.h"; sourceTree = "<group>"; };
		2B0207331E63FB00005D575B /* GFQuery.m */ = {isa = PBXFileReference; fileEncoding = 4; lastKnownFileType = sourcecode.c.objc; path = GFQuery.m; sourceTree = "<group>"; };
		2B02073C1E63FC8B005D575B /* StudyBuddy-Bridging-Header.h */ = {isa = PBXFileReference; fileEncoding = 4; lastKnownFileType = sourcecode.c.h; path = "StudyBuddy-Bridging-Header.h"; sourceTree = "<group>"; };
		2B3E72A01E6C8DAB000727B5 /* ContainerViewController.swift */ = {isa = PBXFileReference; fileEncoding = 4; lastKnownFileType = sourcecode.swift; path = ContainerViewController.swift; sourceTree = "<group>"; };
		2B3E72A21E6C8E49000727B5 /* SidePanelViewController.swift */ = {isa = PBXFileReference; fileEncoding = 4; lastKnownFileType = sourcecode.swift; path = SidePanelViewController.swift; sourceTree = "<group>"; };
		2B3E72A41E6CA9CB000727B5 /* StudyBuddy.swift */ = {isa = PBXFileReference; fileEncoding = 4; lastKnownFileType = sourcecode.swift; path = StudyBuddy.swift; sourceTree = "<group>"; };
		2B3E72A61E6CAC7C000727B5 /* MessageViewController.swift */ = {isa = PBXFileReference; fileEncoding = 4; lastKnownFileType = sourcecode.swift; path = MessageViewController.swift; sourceTree = "<group>"; };
		2B3E72A81E6CACAB000727B5 /* Message.swift */ = {isa = PBXFileReference; fileEncoding = 4; lastKnownFileType = sourcecode.swift; path = Message.swift; sourceTree = "<group>"; };
		2BAC9F181EA5DE9200183D06 /* blue_compass.png */ = {isa = PBXFileReference; lastKnownFileType = image.png; path = blue_compass.png; sourceTree = "<group>"; };
		2BAC9F1A1EA5DEC900183D06 /* purple_canoe.png */ = {isa = PBXFileReference; lastKnownFileType = image.png; path = purple_canoe.png; sourceTree = "<group>"; };
		2BAC9F1C1EA5DEEE00183D06 /* pink_binoculars.png */ = {isa = PBXFileReference; lastKnownFileType = image.png; path = pink_binoculars.png; sourceTree = "<group>"; };
		2BAC9F1E1EA5DF0800183D06 /* red_socks.png */ = {isa = PBXFileReference; lastKnownFileType = image.png; path = red_socks.png; sourceTree = "<group>"; };
		2BAC9F201EA5DF2000183D06 /* grey_boot.png */ = {isa = PBXFileReference; lastKnownFileType = image.png; path = grey_boot.png; sourceTree = "<group>"; };
		2BAC9F221EA5DF3A00183D06 /* orange_balloon.png */ = {isa = PBXFileReference; lastKnownFileType = image.png; path = orange_balloon.png; sourceTree = "<group>"; };
		2BAC9F241EA5DF4F00183D06 /* black_boat.png */ = {isa = PBXFileReference; lastKnownFileType = image.png; path = black_boat.png; sourceTree = "<group>"; };
		2BAC9F261EA5DF7300183D06 /* yellow_anchor.png */ = {isa = PBXFileReference; lastKnownFileType = image.png; path = yellow_anchor.png; sourceTree = "<group>"; };
		2BAC9F281EA5DFA200183D06 /* brown_fire.png */ = {isa = PBXFileReference; lastKnownFileType = image.png; path = brown_fire.png; sourceTree = "<group>"; };
		2BAC9F2A1EA5DFA700183D06 /* green_lantern.png */ = {isa = PBXFileReference; lastKnownFileType = image.png; path = green_lantern.png; sourceTree = "<group>"; };
		2BB108A51E6BC00F00585D3D /* chat.png */ = {isa = PBXFileReference; lastKnownFileType = image.png; path = chat.png; sourceTree = "<group>"; };
		2BC27AA71E556C1400A6CAC6 /* StudyBuddy.app */ = {isa = PBXFileReference; explicitFileType = wrapper.application; includeInIndex = 0; path = StudyBuddy.app; sourceTree = BUILT_PRODUCTS_DIR; };
		2BC27AAA1E556C1400A6CAC6 /* AppDelegate.swift */ = {isa = PBXFileReference; lastKnownFileType = sourcecode.swift; path = AppDelegate.swift; sourceTree = "<group>"; };
		2BC27AAC1E556C1400A6CAC6 /* ViewController.swift */ = {isa = PBXFileReference; lastKnownFileType = sourcecode.swift; path = ViewController.swift; sourceTree = "<group>"; };
		2BC27AAF1E556C1400A6CAC6 /* Base */ = {isa = PBXFileReference; lastKnownFileType = file.storyboard; name = Base; path = Base.lproj/Main.storyboard; sourceTree = "<group>"; };
		2BC27AB11E556C1400A6CAC6 /* Assets.xcassets */ = {isa = PBXFileReference; lastKnownFileType = folder.assetcatalog; path = Assets.xcassets; sourceTree = "<group>"; };
		2BC27AB41E556C1400A6CAC6 /* Base */ = {isa = PBXFileReference; lastKnownFileType = file.storyboard; name = Base; path = Base.lproj/LaunchScreen.storyboard; sourceTree = "<group>"; };
		2BC27AB61E556C1400A6CAC6 /* Info.plist */ = {isa = PBXFileReference; lastKnownFileType = text.plist.xml; path = Info.plist; sourceTree = "<group>"; };
		2BC2B20A1E6B86E30097EF81 /* StudyBuddyAnnotation.swift */ = {isa = PBXFileReference; fileEncoding = 4; lastKnownFileType = sourcecode.swift; path = StudyBuddyAnnotation.swift; sourceTree = "<group>"; };
		2BF8DBED1E96E8210032F21D /* GoogleService-Info.plist */ = {isa = PBXFileReference; fileEncoding = 4; lastKnownFileType = text.plist.xml; path = "GoogleService-Info.plist"; sourceTree = "<group>"; };
		2BFF56311EAA3BC0007B1015 /* Screen Shot 2017-04-21 at 9.07.43 AM.png */ = {isa = PBXFileReference; lastKnownFileType = image.png; path = "Screen Shot 2017-04-21 at 9.07.43 AM.png"; sourceTree = "<group>"; };
		5384CE19E4D6F27911582C26 /* Pods_StudyBuddy.framework */ = {isa = PBXFileReference; explicitFileType = wrapper.framework; includeInIndex = 0; path = Pods_StudyBuddy.framework; sourceTree = BUILT_PRODUCTS_DIR; };
		B409A438404ECA5736A827C7 /* Pods-StudyBuddy.debug.xcconfig */ = {isa = PBXFileReference; includeInIndex = 1; lastKnownFileType = text.xcconfig; name = "Pods-StudyBuddy.debug.xcconfig"; path = "Pods/Target Support Files/Pods-StudyBuddy/Pods-StudyBuddy.debug.xcconfig"; sourceTree = "<group>"; };
/* End PBXFileReference section */

/* Begin PBXFrameworksBuildPhase section */
		2BC27AA41E556C1400A6CAC6 /* Frameworks */ = {
			isa = PBXFrameworksBuildPhase;
			buildActionMask = 2147483647;
			files = (
				7F07BE0B5153CA7949F57934 /* Pods_StudyBuddy.framework in Frameworks */,
			);
			runOnlyForDeploymentPostprocessing = 0;
		};
/* End PBXFrameworksBuildPhase section */

/* Begin PBXGroup section */
		2B0207221E63FB00005D575B /* GeoFire */ = {
			isa = PBXGroup;
			children = (
				2B0207231E63FB00005D575B /* API */,
				2B0207281E63FB00005D575B /* GeoFire-Prefix.pch */,
				2B0207291E63FB00005D575B /* Implementation */,
			);
			path = GeoFire;
			sourceTree = "<group>";
		};
		2B0207231E63FB00005D575B /* API */ = {
			isa = PBXGroup;
			children = (
				2B0207241E63FB00005D575B /* GeoFire.h */,
				2B0207251E63FB00005D575B /* GFCircleQuery.h */,
				2B0207261E63FB00005D575B /* GFQuery.h */,
				2B0207271E63FB00005D575B /* GFRegionQuery.h */,
			);
			path = API;
			sourceTree = "<group>";
		};
		2B0207291E63FB00005D575B /* Implementation */ = {
			isa = PBXGroup;
			children = (
				2B02072A1E63FB00005D575B /* GeoFire+Private.h */,
				2B02072B1E63FB00005D575B /* GeoFire.m */,
				2B02072C1E63FB00005D575B /* GFBase32Utils.h */,
				2B02072D1E63FB00005D575B /* GFBase32Utils.m */,
				2B02072E1E63FB00005D575B /* GFGeoHash.h */,
				2B02072F1E63FB00005D575B /* GFGeoHash.m */,
				2B0207301E63FB00005D575B /* GFGeoHashQuery.h */,
				2B0207311E63FB00005D575B /* GFGeoHashQuery.m */,
				2B0207321E63FB00005D575B /* GFQuery+Private.h */,
				2B0207331E63FB00005D575B /* GFQuery.m */,
			);
			path = Implementation;
			sourceTree = "<group>";
		};
		2BB108A21E6BBFEF00585D3D /* Resources */ = {
			isa = PBXGroup;
			children = (
				2BFF56311EAA3BC0007B1015 /* Screen Shot 2017-04-21 at 9.07.43 AM.png */,
				2BAC9F2A1EA5DFA700183D06 /* green_lantern.png */,
				2BAC9F281EA5DFA200183D06 /* brown_fire.png */,
				2BAC9F261EA5DF7300183D06 /* yellow_anchor.png */,
				2BAC9F241EA5DF4F00183D06 /* black_boat.png */,
				2BAC9F221EA5DF3A00183D06 /* orange_balloon.png */,
				2BAC9F201EA5DF2000183D06 /* grey_boot.png */,
				2BAC9F1E1EA5DF0800183D06 /* red_socks.png */,
				2BAC9F1C1EA5DEEE00183D06 /* pink_binoculars.png */,
				2BAC9F1A1EA5DEC900183D06 /* purple_canoe.png */,
				2BAC9F181EA5DE9200183D06 /* blue_compass.png */,
				2BB108A51E6BC00F00585D3D /* chat.png */,
			);
			name = Resources;
			sourceTree = "<group>";
		};
		2BC27A9E1E556C1400A6CAC6 = {
			isa = PBXGroup;
			children = (
				2BC27AA91E556C1400A6CAC6 /* StudyBuddy */,
				2BC27AA81E556C1400A6CAC6 /* Products */,
				528A589D16AFA8812EFB1FAA /* Pods */,
				DDA0FE1EBD71AFF9A9C9EAE4 /* Frameworks */,
			);
			sourceTree = "<group>";
		};
		2BC27AA81E556C1400A6CAC6 /* Products */ = {
			isa = PBXGroup;
			children = (
				2BC27AA71E556C1400A6CAC6 /* StudyBuddy.app */,
			);
			name = Products;
			sourceTree = "<group>";
		};
		2BC27AA91E556C1400A6CAC6 /* StudyBuddy */ = {
			isa = PBXGroup;
			children = (
				2BB108A21E6BBFEF00585D3D /* Resources */,
				2BC2B2091E6B86A30097EF81 /* Controller */,
				2BC2B2081E6B869C0097EF81 /* Model */,
				2B0207221E63FB00005D575B /* GeoFire */,
				2BC27AAA1E556C1400A6CAC6 /* AppDelegate.swift */,
				2B02073C1E63FC8B005D575B /* StudyBuddy-Bridging-Header.h */,
				2BC27AAE1E556C1400A6CAC6 /* Main.storyboard */,
				2BC27AB11E556C1400A6CAC6 /* Assets.xcassets */,
				2BC27AB31E556C1400A6CAC6 /* LaunchScreen.storyboard */,
				2BF8DBED1E96E8210032F21D /* GoogleService-Info.plist */,
				2BC27AB61E556C1400A6CAC6 /* Info.plist */,
			);
			path = StudyBuddy;
			sourceTree = "<group>";
		};
		2BC2B2081E6B869C0097EF81 /* Model */ = {
			isa = PBXGroup;
			children = (
				2BC2B20A1E6B86E30097EF81 /* StudyBuddyAnnotation.swift */,
				2B3E72A41E6CA9CB000727B5 /* StudyBuddy.swift */,
				2B3E72A81E6CACAB000727B5 /* Message.swift */,
			);
			name = Model;
			sourceTree = "<group>";
		};
		2BC2B2091E6B86A30097EF81 /* Controller */ = {
			isa = PBXGroup;
			children = (
				2BC27AAC1E556C1400A6CAC6 /* ViewController.swift */,
				2B3E72A01E6C8DAB000727B5 /* ContainerViewController.swift */,
				2B3E72A21E6C8E49000727B5 /* SidePanelViewController.swift */,
				2B3E72A61E6CAC7C000727B5 /* MessageViewController.swift */,
			);
			name = Controller;
			sourceTree = "<group>";
		};
		528A589D16AFA8812EFB1FAA /* Pods */ = {
			isa = PBXGroup;
			children = (
				B409A438404ECA5736A827C7 /* Pods-StudyBuddy.debug.xcconfig */,
				25667EB17ADFAA2E373FDB34 /* Pods-StudyBuddy.release.xcconfig */,
			);
			name = Pods;
			sourceTree = "<group>";
		};
		DDA0FE1EBD71AFF9A9C9EAE4 /* Frameworks */ = {
			isa = PBXGroup;
			children = (
				5384CE19E4D6F27911582C26 /* Pods_StudyBuddy.framework */,
			);
			name = Frameworks;
			sourceTree = "<group>";
		};
/* End PBXGroup section */

/* Begin PBXNativeTarget section */
		2BC27AA61E556C1400A6CAC6 /* StudyBuddy */ = {
			isa = PBXNativeTarget;
			buildConfigurationList = 2BC27AB91E556C1400A6CAC6 /* Build configuration list for PBXNativeTarget "StudyBuddy" */;
			buildPhases = (
				41F3513569813596F9995483 /* [CP] Check Pods Manifest.lock */,
				2BC27AA31E556C1400A6CAC6 /* Sources */,
				2BC27AA41E556C1400A6CAC6 /* Frameworks */,
				2BC27AA51E556C1400A6CAC6 /* Resources */,
				76128FFA59194213478ACF47 /* [CP] Embed Pods Frameworks */,
				CBBC6ADBE0B7E1E7960B53E9 /* [CP] Copy Pods Resources */,
			);
			buildRules = (
			);
			dependencies = (
			);
			name = StudyBuddy;
			productName = StudyBuddy;
			productReference = 2BC27AA71E556C1400A6CAC6 /* StudyBuddy.app */;
			productType = "com.apple.product-type.application";
		};
/* End PBXNativeTarget section */

/* Begin PBXProject section */
		2BC27A9F1E556C1400A6CAC6 /* Project object */ = {
			isa = PBXProject;
			attributes = {
				LastSwiftUpdateCheck = 0820;
				LastUpgradeCheck = 0820;
				ORGANIZATIONNAME = "Nick Pellegrino";
				TargetAttributes = {
					2BC27AA61E556C1400A6CAC6 = {
						CreatedOnToolsVersion = 8.2.1;
						DevelopmentTeam = H5Q77772C5;
						ProvisioningStyle = Automatic;
					};
				};
			};
			buildConfigurationList = 2BC27AA21E556C1400A6CAC6 /* Build configuration list for PBXProject "StudyBuddy" */;
			compatibilityVersion = "Xcode 3.2";
			developmentRegion = English;
			hasScannedForEncodings = 0;
			knownRegions = (
				en,
				Base,
			);
			mainGroup = 2BC27A9E1E556C1400A6CAC6;
			productRefGroup = 2BC27AA81E556C1400A6CAC6 /* Products */;
			projectDirPath = "";
			projectRoot = "";
			targets = (
				2BC27AA61E556C1400A6CAC6 /* StudyBuddy */,
			);
		};
/* End PBXProject section */

/* Begin PBXResourcesBuildPhase section */
		2BC27AA51E556C1400A6CAC6 /* Resources */ = {
			isa = PBXResourcesBuildPhase;
			buildActionMask = 2147483647;
			files = (
				2BAC9F191EA5DE9200183D06 /* blue_compass.png in Resources */,
				2BAC9F271EA5DF7300183D06 /* yellow_anchor.png in Resources */,
				2BC27AB51E556C1400A6CAC6 /* LaunchScreen.storyboard in Resources */,
				2BAC9F231EA5DF3A00183D06 /* orange_balloon.png in Resources */,
				2BC27AB21E556C1400A6CAC6 /* Assets.xcassets in Resources */,
				2BAC9F1B1EA5DEC900183D06 /* purple_canoe.png in Resources */,
				2BAC9F1F1EA5DF0800183D06 /* red_socks.png in Resources */,
				2BC27AB01E556C1400A6CAC6 /* Main.storyboard in Resources */,
				2BAC9F291EA5DFA200183D06 /* brown_fire.png in Resources */,
				2BF8DBEE1E96E8210032F21D /* GoogleService-Info.plist in Resources */,
				2BFF56321EAA3BC0007B1015 /* Screen Shot 2017-04-21 at 9.07.43 AM.png in Resources */,
				2BAC9F2B1EA5DFA700183D06 /* green_lantern.png in Resources */,
				2BAC9F1D1EA5DEEE00183D06 /* pink_binoculars.png in Resources */,
				2BB108A61E6BC00F00585D3D /* chat.png in Resources */,
				2BAC9F211EA5DF2000183D06 /* grey_boot.png in Resources */,
				2BAC9F251EA5DF4F00183D06 /* black_boat.png in Resources */,
			);
			runOnlyForDeploymentPostprocessing = 0;
		};
/* End PBXResourcesBuildPhase section */

/* Begin PBXShellScriptBuildPhase section */
		41F3513569813596F9995483 /* [CP] Check Pods Manifest.lock */ = {
			isa = PBXShellScriptBuildPhase;
			buildActionMask = 2147483647;
			files = (
			);
			inputPaths = (
			);
			name = "[CP] Check Pods Manifest.lock";
			outputPaths = (
			);
			runOnlyForDeploymentPostprocessing = 0;
			shellPath = /bin/sh;
			shellScript = "diff \"${PODS_ROOT}/../Podfile.lock\" \"${PODS_ROOT}/Manifest.lock\" > /dev/null\nif [ $? != 0 ] ; then\n    # print error to STDERR\n    echo \"error: The sandbox is not in sync with the Podfile.lock. Run 'pod install' or update your CocoaPods installation.\" >&2\n    exit 1\nfi\n";
			showEnvVarsInLog = 0;
		};
		76128FFA59194213478ACF47 /* [CP] Embed Pods Frameworks */ = {
			isa = PBXShellScriptBuildPhase;
			buildActionMask = 2147483647;
			files = (
			);
			inputPaths = (
			);
			name = "[CP] Embed Pods Frameworks";
			outputPaths = (
			);
			runOnlyForDeploymentPostprocessing = 0;
			shellPath = /bin/sh;
			shellScript = "\"${SRCROOT}/Pods/Target Support Files/Pods-StudyBuddy/Pods-StudyBuddy-frameworks.sh\"\n";
			showEnvVarsInLog = 0;
		};
		CBBC6ADBE0B7E1E7960B53E9 /* [CP] Copy Pods Resources */ = {
			isa = PBXShellScriptBuildPhase;
			buildActionMask = 2147483647;
			files = (
			);
			inputPaths = (
			);
			name = "[CP] Copy Pods Resources";
			outputPaths = (
			);
			runOnlyForDeploymentPostprocessing = 0;
			shellPath = /bin/sh;
			shellScript = "\"${SRCROOT}/Pods/Target Support Files/Pods-StudyBuddy/Pods-StudyBuddy-resources.sh\"\n";
			showEnvVarsInLog = 0;
		};
/* End PBXShellScriptBuildPhase section */

/* Begin PBXSourcesBuildPhase section */
		2BC27AA31E556C1400A6CAC6 /* Sources */ = {
			isa = PBXSourcesBuildPhase;
			buildActionMask = 2147483647;
			files = (
				2B0207351E63FB00005D575B /* GFBase32Utils.m in Sources */,
				2BC2B20B1E6B86E30097EF81 /* StudyBuddyAnnotation.swift in Sources */,
				2B3E72A31E6C8E49000727B5 /* SidePanelViewController.swift in Sources */,
				2BC27AAD1E556C1400A6CAC6 /* ViewController.swift in Sources */,
				2B0207361E63FB00005D575B /* GFGeoHash.m in Sources */,
				2BC27AAB1E556C1400A6CAC6 /* AppDelegate.swift in Sources */,
				2B0207341E63FB00005D575B /* GeoFire.m in Sources */,
				2B3E72A51E6CA9CB000727B5 /* StudyBuddy.swift in Sources */,
				2B0207371E63FB00005D575B /* GFGeoHashQuery.m in Sources */,
				2B3E72A91E6CACAB000727B5 /* Message.swift in Sources */,
				2B3E72A11E6C8DAB000727B5 /* ContainerViewController.swift in Sources */,
				2B3E72A71E6CAC7C000727B5 /* MessageViewController.swift in Sources */,
				2B0207381E63FB00005D575B /* GFQuery.m in Sources */,
			);
			runOnlyForDeploymentPostprocessing = 0;
		};
/* End PBXSourcesBuildPhase section */

/* Begin PBXVariantGroup section */
		2BC27AAE1E556C1400A6CAC6 /* Main.storyboard */ = {
			isa = PBXVariantGroup;
			children = (
				2BC27AAF1E556C1400A6CAC6 /* Base */,
			);
			name = Main.storyboard;
			sourceTree = "<group>";
		};
		2BC27AB31E556C1400A6CAC6 /* LaunchScreen.storyboard */ = {
			isa = PBXVariantGroup;
			children = (
				2BC27AB41E556C1400A6CAC6 /* Base */,
			);
			name = LaunchScreen.storyboard;
			sourceTree = "<group>";
		};
/* End PBXVariantGroup section */

/* Begin XCBuildConfiguration section */
		2BC27AB71E556C1400A6CAC6 /* Debug */ = {
			isa = XCBuildConfiguration;
			buildSettings = {
				ALWAYS_SEARCH_USER_PATHS = NO;
				CLANG_ANALYZER_NONNULL = YES;
				CLANG_CXX_LANGUAGE_STANDARD = "gnu++0x";
				CLANG_CXX_LIBRARY = "libc++";
				CLANG_ENABLE_MODULES = YES;
				CLANG_ENABLE_OBJC_ARC = YES;
				CLANG_WARN_BOOL_CONVERSION = YES;
				CLANG_WARN_CONSTANT_CONVERSION = YES;
				CLANG_WARN_DIRECT_OBJC_ISA_USAGE = YES_ERROR;
				CLANG_WARN_DOCUMENTATION_COMMENTS = YES;
				CLANG_WARN_EMPTY_BODY = YES;
				CLANG_WARN_ENUM_CONVERSION = YES;
				CLANG_WARN_INFINITE_RECURSION = YES;
				CLANG_WARN_INT_CONVERSION = YES;
				CLANG_WARN_OBJC_ROOT_CLASS = YES_ERROR;
				CLANG_WARN_SUSPICIOUS_MOVE = YES;
				CLANG_WARN_UNREACHABLE_CODE = YES;
				CLANG_WARN__DUPLICATE_METHOD_MATCH = YES;
				"CODE_SIGN_IDENTITY[sdk=iphoneos*]" = "iPhone Developer";
				COPY_PHASE_STRIP = NO;
				DEBUG_INFORMATION_FORMAT = dwarf;
				ENABLE_STRICT_OBJC_MSGSEND = YES;
				ENABLE_TESTABILITY = YES;
				GCC_C_LANGUAGE_STANDARD = gnu99;
				GCC_DYNAMIC_NO_PIC = NO;
				GCC_NO_COMMON_BLOCKS = YES;
				GCC_OPTIMIZATION_LEVEL = 0;
				GCC_PREPROCESSOR_DEFINITIONS = (
					"DEBUG=1",
					"$(inherited)",
				);
				GCC_WARN_64_TO_32_BIT_CONVERSION = YES;
				GCC_WARN_ABOUT_RETURN_TYPE = YES_ERROR;
				GCC_WARN_UNDECLARED_SELECTOR = YES;
				GCC_WARN_UNINITIALIZED_AUTOS = YES_AGGRESSIVE;
				GCC_WARN_UNUSED_FUNCTION = YES;
				GCC_WARN_UNUSED_VARIABLE = YES;
				IPHONEOS_DEPLOYMENT_TARGET = 10.2;
				MTL_ENABLE_DEBUG_INFO = YES;
				ONLY_ACTIVE_ARCH = YES;
				SDKROOT = iphoneos;
				SWIFT_ACTIVE_COMPILATION_CONDITIONS = DEBUG;
				SWIFT_OPTIMIZATION_LEVEL = "-Onone";
			};
			name = Debug;
		};
		2BC27AB81E556C1400A6CAC6 /* Release */ = {
			isa = XCBuildConfiguration;
			buildSettings = {
				ALWAYS_SEARCH_USER_PATHS = NO;
				CLANG_ANALYZER_NONNULL = YES;
				CLANG_CXX_LANGUAGE_STANDARD = "gnu++0x";
				CLANG_CXX_LIBRARY = "libc++";
				CLANG_ENABLE_MODULES = YES;
				CLANG_ENABLE_OBJC_ARC = YES;
				CLANG_WARN_BOOL_CONVERSION = YES;
				CLANG_WARN_CONSTANT_CONVERSION = YES;
				CLANG_WARN_DIRECT_OBJC_ISA_USAGE = YES_ERROR;
				CLANG_WARN_DOCUMENTATION_COMMENTS = YES;
				CLANG_WARN_EMPTY_BODY = YES;
				CLANG_WARN_ENUM_CONVERSION = YES;
				CLANG_WARN_INFINITE_RECURSION = YES;
				CLANG_WARN_INT_CONVERSION = YES;
				CLANG_WARN_OBJC_ROOT_CLASS = YES_ERROR;
				CLANG_WARN_SUSPICIOUS_MOVE = YES;
				CLANG_WARN_UNREACHABLE_CODE = YES;
				CLANG_WARN__DUPLICATE_METHOD_MATCH = YES;
				"CODE_SIGN_IDENTITY[sdk=iphoneos*]" = "iPhone Developer";
				COPY_PHASE_STRIP = NO;
				DEBUG_INFORMATION_FORMAT = "dwarf-with-dsym";
				ENABLE_NS_ASSERTIONS = NO;
				ENABLE_STRICT_OBJC_MSGSEND = YES;
				GCC_C_LANGUAGE_STANDARD = gnu99;
				GCC_NO_COMMON_BLOCKS = YES;
				GCC_WARN_64_TO_32_BIT_CONVERSION = YES;
				GCC_WARN_ABOUT_RETURN_TYPE = YES_ERROR;
				GCC_WARN_UNDECLARED_SELECTOR = YES;
				GCC_WARN_UNINITIALIZED_AUTOS = YES_AGGRESSIVE;
				GCC_WARN_UNUSED_FUNCTION = YES;
				GCC_WARN_UNUSED_VARIABLE = YES;
				IPHONEOS_DEPLOYMENT_TARGET = 10.2;
				MTL_ENABLE_DEBUG_INFO = NO;
				SDKROOT = iphoneos;
				SWIFT_OPTIMIZATION_LEVEL = "-Owholemodule";
				VALIDATE_PRODUCT = YES;
			};
			name = Release;
		};
		2BC27ABA1E556C1400A6CAC6 /* Debug */ = {
			isa = XCBuildConfiguration;
			baseConfigurationReference = B409A438404ECA5736A827C7 /* Pods-StudyBuddy.debug.xcconfig */;
			buildSettings = {
				ASSETCATALOG_COMPILER_APPICON_NAME = AppIcon;
				DEVELOPMENT_TEAM = H5Q77772C5;
				INFOPLIST_FILE = StudyBuddy/Info.plist;
				LD_RUNPATH_SEARCH_PATHS = "$(inherited) @executable_path/Frameworks";
				PRODUCT_BUNDLE_IDENTIFIER = com.pelle.studybuddy;
				PRODUCT_NAME = "$(TARGET_NAME)";
				SWIFT_OBJC_BRIDGING_HEADER = "StudyBuddy/StudyBuddy-Bridging-Header.h";
				SWIFT_VERSION = 3.0;
			};
			name = Debug;
		};
		2BC27ABB1E556C1400A6CAC6 /* Release */ = {
			isa = XCBuildConfiguration;
			baseConfigurationReference = 25667EB17ADFAA2E373FDB34 /* Pods-StudyBuddy.release.xcconfig */;
			buildSettings = {
				ASSETCATALOG_COMPILER_APPICON_NAME = AppIcon;
				DEVELOPMENT_TEAM = H5Q77772C5;
				INFOPLIST_FILE = StudyBuddy/Info.plist;
				LD_RUNPATH_SEARCH_PATHS = "$(inherited) @executable_path/Frameworks";
				PRODUCT_BUNDLE_IDENTIFIER = com.pelle.studybuddy;
				PRODUCT_NAME = "$(TARGET_NAME)";
				SWIFT_OBJC_BRIDGING_HEADER = "StudyBuddy/StudyBuddy-Bridging-Header.h";
				SWIFT_VERSION = 3.0;
			};
			name = Release;
		};
/* End XCBuildConfiguration section */

/* Begin XCConfigurationList section */
		2BC27AA21E556C1400A6CAC6 /* Build configuration list for PBXProject "StudyBuddy" */ = {
			isa = XCConfigurationList;
			buildConfigurations = (
				2BC27AB71E556C1400A6CAC6 /* Debug */,
				2BC27AB81E556C1400A6CAC6 /* Release */,
			);
			defaultConfigurationIsVisible = 0;
			defaultConfigurationName = Release;
		};
		2BC27AB91E556C1400A6CAC6 /* Build configuration list for PBXNativeTarget "StudyBuddy" */ = {
			isa = XCConfigurationList;
			buildConfigurations = (
				2BC27ABA1E556C1400A6CAC6 /* Debug */,
				2BC27ABB1E556C1400A6CAC6 /* Release */,
			);
			defaultConfigurationIsVisible = 0;
			defaultConfigurationName = Release;
		};
/* End XCConfigurationList section */
	};
	rootObject = 2BC27A9F1E556C1400A6CAC6 /* Project object */;
}
